
Microsoft Visual Studio Solution File, Format Version 12.00
# Visual Studio Version 17
VisualStudioVersion = 17.14.36414.22 d17.14
MinimumVisualStudioVersion = 10.0.40219.1
Project("{FAE04EC0-301F-11D3-BF4B-00C04F79EFBC}") = "WindowsFormsApp3", "WindowsFormsApp3\WindowsFormsApp3.csproj", "{1AC7E744-3CBC-4D49-A11E-0EA7E7139741}"
EndProject
Global
	GlobalSection(SolutionConfigurationPlatforms) = preSolution
		Debug|Any CPU = Debug|Any CPU
		Release|Any CPU = Release|Any CPU
	EndGlobalSection
	GlobalSection(ProjectConfigurationPlatforms) = postSolution
		{1AC7E744-3CBC-4D49-A11E-0EA7E7139741}.Debug|Any CPU.ActiveCfg = Debug|Any CPU
		{1AC7E744-3CBC-4D49-A11E-0EA7E7139741}.Debug|Any CPU.Build.0 = Debug|Any CPU
		{1AC7E744-3CBC-4D49-A11E-0EA7E7139741}.Release|Any CPU.ActiveCfg = Release|Any CPU
		{1AC7E744-3CBC-4D49-A11E-0EA7E7139741}.Release|Any CPU.Build.0 = Release|Any CPU
	EndGlobalSection
	GlobalSection(SolutionProperties) = preSolution
		HideSolutionNode = FALSE
	EndGlobalSection
	GlobalSection(ExtensibilityGlobals) = postSolution
		SolutionGuid = {8F5B4122-AA2F-41BC-A9F5-912AEC755120}
	EndGlobalSection
EndGlobal
