
Microsoft Visual Studio Solution File, Format Version 12.00
# Visual Studio Version 17
VisualStudioVersion = 17.14.36414.22 d17.14
MinimumVisualStudioVersion = 10.0.40219.1
Project("{FAE04EC0-301F-11D3-BF4B-00C04F79EFBC}") = "WindowsFormsApp2", "WindowsFormsApp2\WindowsFormsApp2.csproj", "{44F1DAC7-B81F-4C81-A99D-1F1C0BA61E0C}"
EndProject
Global
	GlobalSection(SolutionConfigurationPlatforms) = preSolution
		Debug|Any CPU = Debug|Any CPU
		Release|Any CPU = Release|Any CPU
	EndGlobalSection
	GlobalSection(ProjectConfigurationPlatforms) = postSolution
		{44F1DAC7-B81F-4C81-A99D-1F1C0BA61E0C}.Debug|Any CPU.ActiveCfg = Debug|Any CPU
		{44F1DAC7-B81F-4C81-A99D-1F1C0BA61E0C}.Debug|Any CPU.Build.0 = Debug|Any CPU
		{44F1DAC7-B81F-4C81-A99D-1F1C0BA61E0C}.Release|Any CPU.ActiveCfg = Release|Any CPU
		{44F1DAC7-B81F-4C81-A99D-1F1C0BA61E0C}.Release|Any CPU.Build.0 = Release|Any CPU
	EndGlobalSection
	GlobalSection(SolutionProperties) = preSolution
		HideSolutionNode = FALSE
	EndGlobalSection
	GlobalSection(ExtensibilityGlobals) = postSolution
		SolutionGuid = {C3167364-756F-4953-9319-C60435853A21}
	EndGlobalSection
EndGlobal
